<?xml version="1.0" encoding="UTF-8"?>
<!DOCTYPE plist PUBLIC "-//Apple//DTD PLIST 1.0//EN" "http://www.apple.com/DTDs/PropertyList-1.0.dtd">
<plist version="1.0">
<dict>
	<key>archiveVersion</key>
	<string>1</string>
	<key>classes</key>
	<dict/>
	<key>objectVersion</key>
	<string>46</string>
	<key>objects</key>
	<dict>
		<key>12D5468F18CA2B466C7C655B</key>
		<dict>
			<key>children</key>
			<array>
				<string>9E9CE38E73A224D506DC4F4F</string>
				<string>C5C6635883309D0621E14B4A</string>
			</array>
			<key>isa</key>
			<string>PBXGroup</string>
			<key>name</key>
			<string>Pods</string>
			<key>sourceTree</key>
			<string>&lt;group&gt;</string>
		</dict>
		<key>30862A12B1ED41A6ED250A4F</key>
		<dict>
			<key>buildActionMask</key>
			<string>2147483647</string>
			<key>files</key>
			<array/>
			<key>inputPaths</key>
			<array/>
			<key>isa</key>
			<string>PBXShellScriptBuildPhase</string>
			<key>name</key>
			<string>Copy Pods Resources</string>
			<key>outputPaths</key>
			<array/>
			<key>runOnlyForDeploymentPostprocessing</key>
			<string>0</string>
			<key>shellPath</key>
			<string>/bin/sh</string>
			<key>shellScript</key>
			<string>"${SRCROOT}/Pods/Target Support Files/Pods/Pods-resources.sh"
</string>
			<key>showEnvVarsInLog</key>
			<string>0</string>
		</dict>
		<key>69DB444E83AFEE08D4584700</key>
		<dict>
			<key>buildActionMask</key>
			<string>2147483647</string>
			<key>files</key>
			<array/>
			<key>inputPaths</key>
			<array/>
			<key>isa</key>
			<string>PBXShellScriptBuildPhase</string>
			<key>name</key>
			<string>Check Pods Manifest.lock</string>
			<key>outputPaths</key>
			<array/>
			<key>runOnlyForDeploymentPostprocessing</key>
			<string>0</string>
			<key>shellPath</key>
			<string>/bin/sh</string>
			<key>shellScript</key>
			<string>diff "${PODS_ROOT}/../Podfile.lock" "${PODS_ROOT}/Manifest.lock" &gt; /dev/null
if [[ $? != 0 ]] ; then
    cat &lt;&lt; EOM
error: The sandbox is not in sync with the Podfile.lock. Run 'pod install' or update your CocoaPods installation.
EOM
    exit 1
fi
</string>
			<key>showEnvVarsInLog</key>
			<string>0</string>
		</dict>
		<key>7C8AFDDDD14F2EE9A5228A84</key>
		<dict>
			<key>explicitFileType</key>
			<string>archive.ar</string>
			<key>includeInIndex</key>
			<string>0</string>
			<key>isa</key>
			<string>PBXFileReference</string>
			<key>path</key>
			<string>libPods.a</string>
			<key>sourceTree</key>
			<string>BUILT_PRODUCTS_DIR</string>
		</dict>
		<key>80CEFD9C8672CE892E2631BD</key>
		<dict>
			<key>fileRef</key>
			<string>7C8AFDDDD14F2EE9A5228A84</string>
			<key>isa</key>
			<string>PBXBuildFile</string>
		</dict>
		<key>9E9CE38E73A224D506DC4F4F</key>
		<dict>
			<key>includeInIndex</key>
			<string>1</string>
			<key>isa</key>
			<string>PBXFileReference</string>
			<key>lastKnownFileType</key>
			<string>text.xcconfig</string>
			<key>name</key>
			<string>Pods.debug.xcconfig</string>
			<key>path</key>
			<string>Pods/Target Support Files/Pods/Pods.debug.xcconfig</string>
			<key>sourceTree</key>
			<string>&lt;group&gt;</string>
		</dict>
		<key>B78CDE27B5191C86F0A17251</key>
		<dict>
			<key>buildActionMask</key>
			<string>2147483647</string>
			<key>files</key>
			<array/>
			<key>inputPaths</key>
			<array/>
			<key>isa</key>
			<string>PBXShellScriptBuildPhase</string>
			<key>name</key>
			<string>Embed Pods Frameworks</string>
			<key>outputPaths</key>
			<array/>
			<key>runOnlyForDeploymentPostprocessing</key>
			<string>0</string>
			<key>shellPath</key>
			<string>/bin/sh</string>
			<key>shellScript</key>
			<string>"${SRCROOT}/Pods/Target Support Files/Pods/Pods-frameworks.sh"
</string>
			<key>showEnvVarsInLog</key>
			<string>0</string>
		</dict>
		<key>C5C6635883309D0621E14B4A</key>
		<dict>
			<key>includeInIndex</key>
			<string>1</string>
			<key>isa</key>
			<string>PBXFileReference</string>
			<key>lastKnownFileType</key>
			<string>text.xcconfig</string>
			<key>name</key>
			<string>Pods.release.xcconfig</string>
			<key>path</key>
			<string>Pods/Target Support Files/Pods/Pods.release.xcconfig</string>
			<key>sourceTree</key>
			<string>&lt;group&gt;</string>
		</dict>
		<key>DB306803CCB3955F8CC1A791</key>
		<dict>
			<key>children</key>
			<array>
				<string>7C8AFDDDD14F2EE9A5228A84</string>
			</array>
			<key>isa</key>
			<string>PBXGroup</string>
			<key>name</key>
			<string>Frameworks</string>
			<key>sourceTree</key>
			<string>&lt;group&gt;</string>
		</dict>
		<key>ED19471C1CB5062000ECE72F</key>
		<dict>
			<key>children</key>
			<array/>
			<key>isa</key>
			<string>PBXGroup</string>
			<key>name</key>
			<string>catagory</string>
			<key>sourceTree</key>
			<string>&lt;group&gt;</string>
		</dict>
		<key>ED19471D1CB506CB00ECE72F</key>
		<dict>
			<key>fileEncoding</key>
			<string>4</string>
			<key>isa</key>
			<string>PBXFileReference</string>
			<key>lastKnownFileType</key>
			<string>sourcecode.c.h</string>
			<key>path</key>
			<string>SIMDBHandler.h</string>
			<key>sourceTree</key>
			<string>&lt;group&gt;</string>
		</dict>
		<key>ED19471E1CB506CB00ECE72F</key>
		<dict>
			<key>fileEncoding</key>
			<string>4</string>
			<key>isa</key>
			<string>PBXFileReference</string>
			<key>lastKnownFileType</key>
			<string>sourcecode.c.objc</string>
			<key>path</key>
			<string>SIMDBHandler.m</string>
			<key>sourceTree</key>
			<string>&lt;group&gt;</string>
		</dict>
		<key>ED19471F1CB506CB00ECE72F</key>
		<dict>
			<key>fileRef</key>
			<string>ED19471E1CB506CB00ECE72F</string>
			<key>isa</key>
			<string>PBXBuildFile</string>
		</dict>
		<key>ED1947201CB5104F00ECE72F</key>
		<dict>
			<key>fileEncoding</key>
			<string>4</string>
			<key>isa</key>
			<string>PBXFileReference</string>
			<key>lastKnownFileType</key>
			<string>sourcecode.c.h</string>
			<key>path</key>
			<string>SIMNetworkHandler.h</string>
			<key>sourceTree</key>
			<string>&lt;group&gt;</string>
		</dict>
		<key>ED1947211CB5104F00ECE72F</key>
		<dict>
			<key>fileEncoding</key>
			<string>4</string>
			<key>isa</key>
			<string>PBXFileReference</string>
			<key>lastKnownFileType</key>
			<string>sourcecode.c.objc</string>
			<key>path</key>
			<string>SIMNetworkHandler.m</string>
			<key>sourceTree</key>
			<string>&lt;group&gt;</string>
		</dict>
		<key>ED1947221CB5104F00ECE72F</key>
		<dict>
			<key>fileRef</key>
			<string>ED1947211CB5104F00ECE72F</string>
			<key>isa</key>
			<string>PBXBuildFile</string>
		</dict>
		<key>ED1947231CB5110C00ECE72F</key>
		<dict>
			<key>fileEncoding</key>
			<string>4</string>
			<key>isa</key>
			<string>PBXFileReference</string>
			<key>lastKnownFileType</key>
			<string>sourcecode.c.h</string>
			<key>path</key>
			<string>SIMMasterIssueModel.h</string>
			<key>sourceTree</key>
			<string>&lt;group&gt;</string>
		</dict>
		<key>ED1947241CB5110C00ECE72F</key>
		<dict>
			<key>fileEncoding</key>
			<string>4</string>
			<key>isa</key>
			<string>PBXFileReference</string>
			<key>lastKnownFileType</key>
			<string>sourcecode.c.objc</string>
			<key>path</key>
			<string>SIMMasterIssueModel.m</string>
			<key>sourceTree</key>
			<string>&lt;group&gt;</string>
		</dict>
		<key>ED1947251CB5110C00ECE72F</key>
		<dict>
			<key>fileRef</key>
			<string>ED1947241CB5110C00ECE72F</string>
			<key>isa</key>
			<string>PBXBuildFile</string>
		</dict>
		<key>ED1947261CB5322400ECE72F</key>
		<dict>
			<key>fileEncoding</key>
			<string>4</string>
			<key>isa</key>
			<string>PBXFileReference</string>
			<key>lastKnownFileType</key>
			<string>sourcecode.c.h</string>
			<key>path</key>
			<string>SIMMasterDataSouce.h</string>
			<key>sourceTree</key>
			<string>&lt;group&gt;</string>
		</dict>
		<key>ED1947271CB5322400ECE72F</key>
		<dict>
			<key>fileEncoding</key>
			<string>4</string>
			<key>isa</key>
			<string>PBXFileReference</string>
			<key>lastKnownFileType</key>
			<string>sourcecode.c.objc</string>
			<key>path</key>
			<string>SIMMasterDataSouce.m</string>
			<key>sourceTree</key>
			<string>&lt;group&gt;</string>
		</dict>
		<key>ED1947281CB5322400ECE72F</key>
		<dict>
			<key>fileRef</key>
			<string>ED1947271CB5322400ECE72F</string>
			<key>isa</key>
			<string>PBXBuildFile</string>
		</dict>
		<key>ED1947291CB5322800ECE72F</key>
		<dict>
			<key>children</key>
			<array>
				<string>ED1947261CB5322400ECE72F</string>
				<string>ED1947271CB5322400ECE72F</string>
				<string>ED19472A1CB5323F00ECE72F</string>
				<string>ED19472B1CB5323F00ECE72F</string>
			</array>
			<key>isa</key>
			<string>PBXGroup</string>
			<key>name</key>
			<string>TableView</string>
			<key>sourceTree</key>
			<string>&lt;group&gt;</string>
		</dict>
		<key>ED19472A1CB5323F00ECE72F</key>
		<dict>
			<key>fileEncoding</key>
			<string>4</string>
			<key>isa</key>
			<string>PBXFileReference</string>
			<key>lastKnownFileType</key>
			<string>sourcecode.c.h</string>
			<key>path</key>
			<string>SIMMasterDelegate.h</string>
			<key>sourceTree</key>
			<string>&lt;group&gt;</string>
		</dict>
		<key>ED19472B1CB5323F00ECE72F</key>
		<dict>
			<key>fileEncoding</key>
			<string>4</string>
			<key>isa</key>
			<string>PBXFileReference</string>
			<key>lastKnownFileType</key>
			<string>sourcecode.c.objc</string>
			<key>path</key>
			<string>SIMMasterDelegate.m</string>
			<key>sourceTree</key>
			<string>&lt;group&gt;</string>
		</dict>
		<key>ED19472C1CB5323F00ECE72F</key>
		<dict>
			<key>fileRef</key>
			<string>ED19472B1CB5323F00ECE72F</string>
			<key>isa</key>
			<string>PBXBuildFile</string>
		</dict>
		<key>ED70EFFC1CB3F86F00CE8B55</key>
		<dict>
			<key>children</key>
			<array>
				<string>ED70F02E1CB3F95900CE8B55</string>
				<string>ED70F0071CB3F86F00CE8B55</string>
				<string>ED70F0211CB3F86F00CE8B55</string>
				<string>ED70F0061CB3F86F00CE8B55</string>
				<string>12D5468F18CA2B466C7C655B</string>
				<string>DB306803CCB3955F8CC1A791</string>
			</array>
			<key>isa</key>
			<string>PBXGroup</string>
			<key>sourceTree</key>
			<string>&lt;group&gt;</string>
		</dict>
		<key>ED70EFFD1CB3F86F00CE8B55</key>
		<dict>
			<key>attributes</key>
			<dict>
				<key>LastUpgradeCheck</key>
				<string>0640</string>
				<key>ORGANIZATIONNAME</key>
				<string>Ferris</string>
				<key>TargetAttributes</key>
				<dict>
					<key>ED70F0041CB3F86F00CE8B55</key>
					<dict>
						<key>CreatedOnToolsVersion</key>
						<string>6.4</string>
					</dict>
					<key>ED70F01D1CB3F86F00CE8B55</key>
					<dict>
						<key>CreatedOnToolsVersion</key>
						<string>6.4</string>
						<key>TestTargetID</key>
						<string>ED70F0041CB3F86F00CE8B55</string>
					</dict>
				</dict>
			</dict>
			<key>buildConfigurationList</key>
			<string>ED70F0001CB3F86F00CE8B55</string>
			<key>compatibilityVersion</key>
			<string>Xcode 3.2</string>
			<key>developmentRegion</key>
			<string>English</string>
			<key>hasScannedForEncodings</key>
			<string>0</string>
			<key>isa</key>
			<string>PBXProject</string>
			<key>knownRegions</key>
			<array>
				<string>en</string>
				<string>Base</string>
			</array>
			<key>mainGroup</key>
			<string>ED70EFFC1CB3F86F00CE8B55</string>
			<key>productRefGroup</key>
			<string>ED70F0061CB3F86F00CE8B55</string>
			<key>projectDirPath</key>
			<string></string>
			<key>projectReferences</key>
			<array/>
			<key>projectRoot</key>
			<string></string>
			<key>targets</key>
			<array>
				<string>ED70F0041CB3F86F00CE8B55</string>
				<string>ED70F01D1CB3F86F00CE8B55</string>
			</array>
		</dict>
		<key>ED70F0001CB3F86F00CE8B55</key>
		<dict>
			<key>buildConfigurations</key>
			<array>
				<string>ED70F0261CB3F86F00CE8B55</string>
				<string>ED70F0271CB3F86F00CE8B55</string>
			</array>
			<key>defaultConfigurationIsVisible</key>
			<string>0</string>
			<key>defaultConfigurationName</key>
			<string>Release</string>
			<key>isa</key>
			<string>XCConfigurationList</string>
		</dict>
		<key>ED70F0011CB3F86F00CE8B55</key>
		<dict>
			<key>buildActionMask</key>
			<string>2147483647</string>
			<key>files</key>
			<array>
				<string>ED1947281CB5322400ECE72F</string>
				<string>ED7BE0941CB64A660025DB30</string>
				<string>ED70F0351CB4F58200CE8B55</string>
				<string>ED1947251CB5110C00ECE72F</string>
				<string>ED1947221CB5104F00ECE72F</string>
				<string>ED70F00E1CB3F86F00CE8B55</string>
				<string>ED19471F1CB506CB00ECE72F</string>
				<string>ED9D66791CB7DFDE008C0A64</string>
				<string>EDC903BC1CBF9C0400776DCD</string>
				<string>EDC903C61CC08BBE00776DCD</string>
				<string>ED19472C1CB5323F00ECE72F</string>
				<string>ED70F00B1CB3F86F00CE8B55</string>
			</array>
			<key>isa</key>
			<string>PBXSourcesBuildPhase</string>
			<key>runOnlyForDeploymentPostprocessing</key>
			<string>0</string>
		</dict>
		<key>ED70F0021CB3F86F00CE8B55</key>
		<dict>
			<key>buildActionMask</key>
			<string>2147483647</string>
			<key>files</key>
			<array>
				<string>80CEFD9C8672CE892E2631BD</string>
			</array>
			<key>isa</key>
			<string>PBXFrameworksBuildPhase</string>
			<key>runOnlyForDeploymentPostprocessing</key>
			<string>0</string>
		</dict>
		<key>ED70F0031CB3F86F00CE8B55</key>
		<dict>
			<key>buildActionMask</key>
			<string>2147483647</string>
			<key>files</key>
			<array>
				<string>ED70F0141CB3F86F00CE8B55</string>
				<string>ED70F0191CB3F86F00CE8B55</string>
				<string>ED70F0161CB3F86F00CE8B55</string>
			</array>
			<key>isa</key>
			<string>PBXResourcesBuildPhase</string>
			<key>runOnlyForDeploymentPostprocessing</key>
			<string>0</string>
		</dict>
		<key>ED70F0041CB3F86F00CE8B55</key>
		<dict>
			<key>buildConfigurationList</key>
			<string>ED70F0281CB3F86F00CE8B55</string>
			<key>buildPhases</key>
			<array>
				<string>69DB444E83AFEE08D4584700</string>
				<string>ED70F0011CB3F86F00CE8B55</string>
				<string>ED70F0021CB3F86F00CE8B55</string>
				<string>ED70F0031CB3F86F00CE8B55</string>
				<string>30862A12B1ED41A6ED250A4F</string>
				<string>B78CDE27B5191C86F0A17251</string>
			</array>
			<key>buildRules</key>
			<array/>
			<key>dependencies</key>
			<array/>
			<key>isa</key>
			<string>PBXNativeTarget</string>
			<key>name</key>
			<string>SIMObjc</string>
			<key>productName</key>
			<string>SIMObjc</string>
			<key>productReference</key>
			<string>ED70F0051CB3F86F00CE8B55</string>
			<key>productType</key>
			<string>com.apple.product-type.application</string>
		</dict>
		<key>ED70F0051CB3F86F00CE8B55</key>
		<dict>
			<key>explicitFileType</key>
			<string>wrapper.application</string>
			<key>includeInIndex</key>
			<string>0</string>
			<key>isa</key>
			<string>PBXFileReference</string>
			<key>path</key>
			<string>SIMObjc.app</string>
			<key>sourceTree</key>
			<string>BUILT_PRODUCTS_DIR</string>
		</dict>
		<key>ED70F0061CB3F86F00CE8B55</key>
		<dict>
			<key>children</key>
			<array>
				<string>ED70F0051CB3F86F00CE8B55</string>
				<string>ED70F01E1CB3F86F00CE8B55</string>
			</array>
			<key>isa</key>
			<string>PBXGroup</string>
			<key>name</key>
			<string>Products</string>
			<key>sourceTree</key>
			<string>&lt;group&gt;</string>
		</dict>
		<key>ED70F0071CB3F86F00CE8B55</key>
		<dict>
			<key>children</key>
			<array>
				<string>ED19471C1CB5062000ECE72F</string>
				<string>ED70F00C1CB3F86F00CE8B55</string>
				<string>ED70F00D1CB3F86F00CE8B55</string>
				<string>ED70F0321CB3FA1B00CE8B55</string>
				<string>ED70F0311CB3FA1200CE8B55</string>
				<string>ED70F0301CB3F9F900CE8B55</string>
				<string>ED70F0121CB3F86F00CE8B55</string>
				<string>ED70F0151CB3F86F00CE8B55</string>
				<string>ED70F0171CB3F86F00CE8B55</string>
				<string>ED70F0081CB3F86F00CE8B55</string>
			</array>
			<key>isa</key>
			<string>PBXGroup</string>
			<key>path</key>
			<string>SIMObjc</string>
			<key>sourceTree</key>
			<string>&lt;group&gt;</string>
		</dict>
		<key>ED70F0081CB3F86F00CE8B55</key>
		<dict>
			<key>children</key>
			<array>
				<string>ED70F0091CB3F86F00CE8B55</string>
				<string>ED70F02F1CB3F98300CE8B55</string>
				<string>ED70F00A1CB3F86F00CE8B55</string>
			</array>
			<key>isa</key>
			<string>PBXGroup</string>
			<key>name</key>
			<string>Supporting Files</string>
			<key>sourceTree</key>
			<string>&lt;group&gt;</string>
		</dict>
		<key>ED70F0091CB3F86F00CE8B55</key>
		<dict>
			<key>isa</key>
			<string>PBXFileReference</string>
			<key>lastKnownFileType</key>
			<string>text.plist.xml</string>
			<key>path</key>
			<string>Info.plist</string>
			<key>sourceTree</key>
			<string>&lt;group&gt;</string>
		</dict>
		<key>ED70F00A1CB3F86F00CE8B55</key>
		<dict>
			<key>isa</key>
			<string>PBXFileReference</string>
			<key>lastKnownFileType</key>
			<string>sourcecode.c.objc</string>
			<key>path</key>
			<string>main.m</string>
			<key>sourceTree</key>
			<string>&lt;group&gt;</string>
		</dict>
		<key>ED70F00B1CB3F86F00CE8B55</key>
		<dict>
			<key>fileRef</key>
			<string>ED70F00A1CB3F86F00CE8B55</string>
			<key>isa</key>
			<string>PBXBuildFile</string>
		</dict>
		<key>ED70F00C1CB3F86F00CE8B55</key>
		<dict>
			<key>isa</key>
			<string>PBXFileReference</string>
			<key>lastKnownFileType</key>
			<string>sourcecode.c.h</string>
			<key>path</key>
			<string>AppDelegate.h</string>
			<key>sourceTree</key>
			<string>&lt;group&gt;</string>
		</dict>
		<key>ED70F00D1CB3F86F00CE8B55</key>
		<dict>
			<key>isa</key>
			<string>PBXFileReference</string>
			<key>lastKnownFileType</key>
			<string>sourcecode.c.objc</string>
			<key>path</key>
			<string>AppDelegate.m</string>
			<key>sourceTree</key>
			<string>&lt;group&gt;</string>
		</dict>
		<key>ED70F00E1CB3F86F00CE8B55</key>
		<dict>
			<key>fileRef</key>
			<string>ED70F00D1CB3F86F00CE8B55</string>
			<key>isa</key>
			<string>PBXBuildFile</string>
		</dict>
		<key>ED70F0121CB3F86F00CE8B55</key>
		<dict>
			<key>children</key>
			<array>
				<string>ED70F0131CB3F86F00CE8B55</string>
			</array>
			<key>isa</key>
			<string>PBXVariantGroup</string>
			<key>name</key>
			<string>Main.storyboard</string>
			<key>sourceTree</key>
			<string>&lt;group&gt;</string>
		</dict>
		<key>ED70F0131CB3F86F00CE8B55</key>
		<dict>
			<key>isa</key>
			<string>PBXFileReference</string>
			<key>lastKnownFileType</key>
			<string>file.storyboard</string>
			<key>name</key>
			<string>Base</string>
			<key>path</key>
			<string>Base.lproj/Main.storyboard</string>
			<key>sourceTree</key>
			<string>&lt;group&gt;</string>
		</dict>
		<key>ED70F0141CB3F86F00CE8B55</key>
		<dict>
			<key>fileRef</key>
			<string>ED70F0121CB3F86F00CE8B55</string>
			<key>isa</key>
			<string>PBXBuildFile</string>
		</dict>
		<key>ED70F0151CB3F86F00CE8B55</key>
		<dict>
			<key>isa</key>
			<string>PBXFileReference</string>
			<key>lastKnownFileType</key>
			<string>folder.assetcatalog</string>
			<key>path</key>
			<string>Images.xcassets</string>
			<key>sourceTree</key>
			<string>&lt;group&gt;</string>
		</dict>
		<key>ED70F0161CB3F86F00CE8B55</key>
		<dict>
			<key>fileRef</key>
			<string>ED70F0151CB3F86F00CE8B55</string>
			<key>isa</key>
			<string>PBXBuildFile</string>
		</dict>
		<key>ED70F0171CB3F86F00CE8B55</key>
		<dict>
			<key>children</key>
			<array>
				<string>ED70F0181CB3F86F00CE8B55</string>
			</array>
			<key>isa</key>
			<string>PBXVariantGroup</string>
			<key>name</key>
			<string>LaunchScreen.xib</string>
			<key>sourceTree</key>
			<string>&lt;group&gt;</string>
		</dict>
		<key>ED70F0181CB3F86F00CE8B55</key>
		<dict>
			<key>isa</key>
			<string>PBXFileReference</string>
			<key>lastKnownFileType</key>
			<string>file.xib</string>
			<key>name</key>
			<string>Base</string>
			<key>path</key>
			<string>Base.lproj/LaunchScreen.xib</string>
			<key>sourceTree</key>
			<string>&lt;group&gt;</string>
		</dict>
		<key>ED70F0191CB3F86F00CE8B55</key>
		<dict>
			<key>fileRef</key>
			<string>ED70F0171CB3F86F00CE8B55</string>
			<key>isa</key>
			<string>PBXBuildFile</string>
		</dict>
		<key>ED70F01A1CB3F86F00CE8B55</key>
		<dict>
			<key>buildActionMask</key>
			<string>2147483647</string>
			<key>files</key>
			<array>
				<string>ED70F0251CB3F86F00CE8B55</string>
			</array>
			<key>isa</key>
			<string>PBXSourcesBuildPhase</string>
			<key>runOnlyForDeploymentPostprocessing</key>
			<string>0</string>
		</dict>
		<key>ED70F01B1CB3F86F00CE8B55</key>
		<dict>
			<key>buildActionMask</key>
			<string>2147483647</string>
			<key>files</key>
			<array/>
			<key>isa</key>
			<string>PBXFrameworksBuildPhase</string>
			<key>runOnlyForDeploymentPostprocessing</key>
			<string>0</string>
		</dict>
		<key>ED70F01C1CB3F86F00CE8B55</key>
		<dict>
			<key>buildActionMask</key>
			<string>2147483647</string>
			<key>files</key>
			<array/>
			<key>isa</key>
			<string>PBXResourcesBuildPhase</string>
			<key>runOnlyForDeploymentPostprocessing</key>
			<string>0</string>
		</dict>
		<key>ED70F01D1CB3F86F00CE8B55</key>
		<dict>
			<key>buildConfigurationList</key>
			<string>ED70F02B1CB3F86F00CE8B55</string>
			<key>buildPhases</key>
			<array>
				<string>ED70F01A1CB3F86F00CE8B55</string>
				<string>ED70F01B1CB3F86F00CE8B55</string>
				<string>ED70F01C1CB3F86F00CE8B55</string>
			</array>
			<key>buildRules</key>
			<array/>
			<key>dependencies</key>
			<array>
				<string>ED70F0201CB3F86F00CE8B55</string>
			</array>
			<key>isa</key>
			<string>PBXNativeTarget</string>
			<key>name</key>
			<string>SIMObjcTests</string>
			<key>productName</key>
			<string>SIMObjcTests</string>
			<key>productReference</key>
			<string>ED70F01E1CB3F86F00CE8B55</string>
			<key>productType</key>
			<string>com.apple.product-type.bundle.unit-test</string>
		</dict>
		<key>ED70F01E1CB3F86F00CE8B55</key>
		<dict>
			<key>explicitFileType</key>
			<string>wrapper.cfbundle</string>
			<key>includeInIndex</key>
			<string>0</string>
			<key>isa</key>
			<string>PBXFileReference</string>
			<key>path</key>
			<string>SIMObjcTests.xctest</string>
			<key>sourceTree</key>
			<string>BUILT_PRODUCTS_DIR</string>
		</dict>
		<key>ED70F01F1CB3F86F00CE8B55</key>
		<dict>
			<key>containerPortal</key>
			<string>ED70EFFD1CB3F86F00CE8B55</string>
			<key>isa</key>
			<string>PBXContainerItemProxy</string>
			<key>proxyType</key>
			<string>1</string>
			<key>remoteGlobalIDString</key>
			<string>ED70F0041CB3F86F00CE8B55</string>
			<key>remoteInfo</key>
			<string>SIMObjc</string>
		</dict>
		<key>ED70F0201CB3F86F00CE8B55</key>
		<dict>
			<key>isa</key>
			<string>PBXTargetDependency</string>
			<key>target</key>
			<string>ED70F0041CB3F86F00CE8B55</string>
			<key>targetProxy</key>
			<string>ED70F01F1CB3F86F00CE8B55</string>
		</dict>
		<key>ED70F0211CB3F86F00CE8B55</key>
		<dict>
			<key>children</key>
			<array>
				<string>ED70F0241CB3F86F00CE8B55</string>
				<string>ED70F0221CB3F86F00CE8B55</string>
			</array>
			<key>isa</key>
			<string>PBXGroup</string>
			<key>path</key>
			<string>SIMObjcTests</string>
			<key>sourceTree</key>
			<string>&lt;group&gt;</string>
		</dict>
		<key>ED70F0221CB3F86F00CE8B55</key>
		<dict>
			<key>children</key>
			<array>
				<string>ED70F0231CB3F86F00CE8B55</string>
			</array>
			<key>isa</key>
			<string>PBXGroup</string>
			<key>name</key>
			<string>Supporting Files</string>
			<key>sourceTree</key>
			<string>&lt;group&gt;</string>
		</dict>
		<key>ED70F0231CB3F86F00CE8B55</key>
		<dict>
			<key>isa</key>
			<string>PBXFileReference</string>
			<key>lastKnownFileType</key>
			<string>text.plist.xml</string>
			<key>path</key>
			<string>Info.plist</string>
			<key>sourceTree</key>
			<string>&lt;group&gt;</string>
		</dict>
		<key>ED70F0241CB3F86F00CE8B55</key>
		<dict>
			<key>isa</key>
			<string>PBXFileReference</string>
			<key>lastKnownFileType</key>
			<string>sourcecode.c.objc</string>
			<key>path</key>
			<string>SIMObjcTests.m</string>
			<key>sourceTree</key>
			<string>&lt;group&gt;</string>
		</dict>
		<key>ED70F0251CB3F86F00CE8B55</key>
		<dict>
			<key>fileRef</key>
			<string>ED70F0241CB3F86F00CE8B55</string>
			<key>isa</key>
			<string>PBXBuildFile</string>
		</dict>
		<key>ED70F0261CB3F86F00CE8B55</key>
		<dict>
			<key>buildSettings</key>
			<dict>
				<key>ALWAYS_SEARCH_USER_PATHS</key>
				<string>NO</string>
				<key>CLANG_CXX_LANGUAGE_STANDARD</key>
				<string>gnu++0x</string>
				<key>CLANG_CXX_LIBRARY</key>
				<string>libc++</string>
				<key>CLANG_ENABLE_MODULES</key>
				<string>YES</string>
				<key>CLANG_ENABLE_OBJC_ARC</key>
				<string>YES</string>
				<key>CLANG_WARN_BOOL_CONVERSION</key>
				<string>YES</string>
				<key>CLANG_WARN_CONSTANT_CONVERSION</key>
				<string>YES</string>
				<key>CLANG_WARN_DIRECT_OBJC_ISA_USAGE</key>
				<string>YES_ERROR</string>
				<key>CLANG_WARN_EMPTY_BODY</key>
				<string>YES</string>
				<key>CLANG_WARN_ENUM_CONVERSION</key>
				<string>YES</string>
				<key>CLANG_WARN_INT_CONVERSION</key>
				<string>YES</string>
				<key>CLANG_WARN_OBJC_ROOT_CLASS</key>
				<string>YES_ERROR</string>
				<key>CLANG_WARN_UNREACHABLE_CODE</key>
				<string>YES</string>
				<key>CLANG_WARN__DUPLICATE_METHOD_MATCH</key>
				<string>YES</string>
				<key>CODE_SIGN_IDENTITY[sdk=iphoneos*]</key>
				<string>iPhone Developer</string>
				<key>COPY_PHASE_STRIP</key>
				<string>NO</string>
				<key>DEBUG_INFORMATION_FORMAT</key>
				<string>dwarf-with-dsym</string>
				<key>ENABLE_STRICT_OBJC_MSGSEND</key>
				<string>YES</string>
				<key>GCC_C_LANGUAGE_STANDARD</key>
				<string>gnu99</string>
				<key>GCC_DYNAMIC_NO_PIC</key>
				<string>NO</string>
				<key>GCC_NO_COMMON_BLOCKS</key>
				<string>YES</string>
				<key>GCC_OPTIMIZATION_LEVEL</key>
				<string>0</string>
				<key>GCC_PREPROCESSOR_DEFINITIONS</key>
				<array>
					<string>DEBUG=1</string>
					<string>$(inherited)</string>
				</array>
				<key>GCC_SYMBOLS_PRIVATE_EXTERN</key>
				<string>NO</string>
				<key>GCC_WARN_64_TO_32_BIT_CONVERSION</key>
				<string>YES</string>
				<key>GCC_WARN_ABOUT_RETURN_TYPE</key>
				<string>YES_ERROR</string>
				<key>GCC_WARN_UNDECLARED_SELECTOR</key>
				<string>YES</string>
				<key>GCC_WARN_UNINITIALIZED_AUTOS</key>
				<string>YES_AGGRESSIVE</string>
				<key>GCC_WARN_UNUSED_FUNCTION</key>
				<string>YES</string>
				<key>GCC_WARN_UNUSED_VARIABLE</key>
				<string>YES</string>
				<key>IPHONEOS_DEPLOYMENT_TARGET</key>
				<string>8.4</string>
				<key>MTL_ENABLE_DEBUG_INFO</key>
				<string>YES</string>
				<key>ONLY_ACTIVE_ARCH</key>
				<string>YES</string>
				<key>SDKROOT</key>
				<string>iphoneos</string>
			</dict>
			<key>isa</key>
			<string>XCBuildConfiguration</string>
			<key>name</key>
			<string>Debug</string>
		</dict>
		<key>ED70F0271CB3F86F00CE8B55</key>
		<dict>
			<key>buildSettings</key>
			<dict>
				<key>ALWAYS_SEARCH_USER_PATHS</key>
				<string>NO</string>
				<key>CLANG_CXX_LANGUAGE_STANDARD</key>
				<string>gnu++0x</string>
				<key>CLANG_CXX_LIBRARY</key>
				<string>libc++</string>
				<key>CLANG_ENABLE_MODULES</key>
				<string>YES</string>
				<key>CLANG_ENABLE_OBJC_ARC</key>
				<string>YES</string>
				<key>CLANG_WARN_BOOL_CONVERSION</key>
				<string>YES</string>
				<key>CLANG_WARN_CONSTANT_CONVERSION</key>
				<string>YES</string>
				<key>CLANG_WARN_DIRECT_OBJC_ISA_USAGE</key>
				<string>YES_ERROR</string>
				<key>CLANG_WARN_EMPTY_BODY</key>
				<string>YES</string>
				<key>CLANG_WARN_ENUM_CONVERSION</key>
				<string>YES</string>
				<key>CLANG_WARN_INT_CONVERSION</key>
				<string>YES</string>
				<key>CLANG_WARN_OBJC_ROOT_CLASS</key>
				<string>YES_ERROR</string>
				<key>CLANG_WARN_UNREACHABLE_CODE</key>
				<string>YES</string>
				<key>CLANG_WARN__DUPLICATE_METHOD_MATCH</key>
				<string>YES</string>
				<key>CODE_SIGN_IDENTITY[sdk=iphoneos*]</key>
				<string>iPhone Developer</string>
				<key>COPY_PHASE_STRIP</key>
				<string>NO</string>
				<key>DEBUG_INFORMATION_FORMAT</key>
				<string>dwarf-with-dsym</string>
				<key>ENABLE_NS_ASSERTIONS</key>
				<string>NO</string>
				<key>ENABLE_STRICT_OBJC_MSGSEND</key>
				<string>YES</string>
				<key>GCC_C_LANGUAGE_STANDARD</key>
				<string>gnu99</string>
				<key>GCC_NO_COMMON_BLOCKS</key>
				<string>YES</string>
				<key>GCC_WARN_64_TO_32_BIT_CONVERSION</key>
				<string>YES</string>
				<key>GCC_WARN_ABOUT_RETURN_TYPE</key>
				<string>YES_ERROR</string>
				<key>GCC_WARN_UNDECLARED_SELECTOR</key>
				<string>YES</string>
				<key>GCC_WARN_UNINITIALIZED_AUTOS</key>
				<string>YES_AGGRESSIVE</string>
				<key>GCC_WARN_UNUSED_FUNCTION</key>
				<string>YES</string>
				<key>GCC_WARN_UNUSED_VARIABLE</key>
				<string>YES</string>
				<key>IPHONEOS_DEPLOYMENT_TARGET</key>
				<string>8.4</string>
				<key>MTL_ENABLE_DEBUG_INFO</key>
				<string>NO</string>
				<key>SDKROOT</key>
				<string>iphoneos</string>
				<key>VALIDATE_PRODUCT</key>
				<string>YES</string>
			</dict>
			<key>isa</key>
			<string>XCBuildConfiguration</string>
			<key>name</key>
			<string>Release</string>
		</dict>
		<key>ED70F0281CB3F86F00CE8B55</key>
		<dict>
			<key>buildConfigurations</key>
			<array>
				<string>ED70F0291CB3F86F00CE8B55</string>
				<string>ED70F02A1CB3F86F00CE8B55</string>
			</array>
			<key>defaultConfigurationIsVisible</key>
			<string>0</string>
			<key>defaultConfigurationName</key>
			<string>Release</string>
			<key>isa</key>
			<string>XCConfigurationList</string>
		</dict>
		<key>ED70F0291CB3F86F00CE8B55</key>
		<dict>
			<key>baseConfigurationReference</key>
			<string>9E9CE38E73A224D506DC4F4F</string>
			<key>buildSettings</key>
			<dict>
				<key>ASSETCATALOG_COMPILER_APPICON_NAME</key>
				<string>AppIcon</string>
				<key>GCC_PRECOMPILE_PREFIX_HEADER</key>
				<string>YES</string>
				<key>GCC_PREFIX_HEADER</key>
				<string>SIMObjc/PrefixHeader.pch</string>
				<key>INFOPLIST_FILE</key>
				<string>SIMObjc/Info.plist</string>
				<key>IPHONEOS_DEPLOYMENT_TARGET</key>
				<string>8.0</string>
				<key>LD_RUNPATH_SEARCH_PATHS</key>
				<string>$(inherited) @executable_path/Frameworks</string>
				<key>PRODUCT_NAME</key>
				<string>$(TARGET_NAME)</string>
				<key>TARGETED_DEVICE_FAMILY</key>
				<string>1,2</string>
			</dict>
			<key>isa</key>
			<string>XCBuildConfiguration</string>
			<key>name</key>
			<string>Debug</string>
		</dict>
		<key>ED70F02A1CB3F86F00CE8B55</key>
		<dict>
			<key>baseConfigurationReference</key>
			<string>C5C6635883309D0621E14B4A</string>
			<key>buildSettings</key>
			<dict>
				<key>ASSETCATALOG_COMPILER_APPICON_NAME</key>
				<string>AppIcon</string>
				<key>GCC_PRECOMPILE_PREFIX_HEADER</key>
				<string>YES</string>
				<key>GCC_PREFIX_HEADER</key>
				<string>SIMObjc/PrefixHeader.pch</string>
				<key>INFOPLIST_FILE</key>
				<string>SIMObjc/Info.plist</string>
				<key>IPHONEOS_DEPLOYMENT_TARGET</key>
				<string>8.0</string>
				<key>LD_RUNPATH_SEARCH_PATHS</key>
				<string>$(inherited) @executable_path/Frameworks</string>
				<key>PRODUCT_NAME</key>
				<string>$(TARGET_NAME)</string>
				<key>TARGETED_DEVICE_FAMILY</key>
				<string>1,2</string>
			</dict>
			<key>isa</key>
			<string>XCBuildConfiguration</string>
			<key>name</key>
			<string>Release</string>
		</dict>
		<key>ED70F02B1CB3F86F00CE8B55</key>
		<dict>
			<key>buildConfigurations</key>
			<array>
				<string>ED70F02C1CB3F86F00CE8B55</string>
				<string>ED70F02D1CB3F86F00CE8B55</string>
			</array>
			<key>defaultConfigurationIsVisible</key>
			<string>0</string>
			<key>defaultConfigurationName</key>
			<string>Release</string>
			<key>isa</key>
			<string>XCConfigurationList</string>
		</dict>
		<key>ED70F02C1CB3F86F00CE8B55</key>
		<dict>
			<key>buildSettings</key>
			<dict>
				<key>BUNDLE_LOADER</key>
				<string>$(TEST_HOST)</string>
				<key>FRAMEWORK_SEARCH_PATHS</key>
				<array>
					<string>$(SDKROOT)/Developer/Library/Frameworks</string>
					<string>$(inherited)</string>
				</array>
				<key>GCC_PREPROCESSOR_DEFINITIONS</key>
				<array>
					<string>DEBUG=1</string>
					<string>$(inherited)</string>
				</array>
				<key>INFOPLIST_FILE</key>
				<string>SIMObjcTests/Info.plist</string>
				<key>LD_RUNPATH_SEARCH_PATHS</key>
				<string>$(inherited) @executable_path/Frameworks @loader_path/Frameworks</string>
				<key>PRODUCT_NAME</key>
				<string>$(TARGET_NAME)</string>
				<key>TEST_HOST</key>
				<string>$(BUILT_PRODUCTS_DIR)/SIMObjc.app/SIMObjc</string>
			</dict>
			<key>isa</key>
			<string>XCBuildConfiguration</string>
			<key>name</key>
			<string>Debug</string>
		</dict>
		<key>ED70F02D1CB3F86F00CE8B55</key>
		<dict>
			<key>buildSettings</key>
			<dict>
				<key>BUNDLE_LOADER</key>
				<string>$(TEST_HOST)</string>
				<key>FRAMEWORK_SEARCH_PATHS</key>
				<array>
					<string>$(SDKROOT)/Developer/Library/Frameworks</string>
					<string>$(inherited)</string>
				</array>
				<key>INFOPLIST_FILE</key>
				<string>SIMObjcTests/Info.plist</string>
				<key>LD_RUNPATH_SEARCH_PATHS</key>
				<string>$(inherited) @executable_path/Frameworks @loader_path/Frameworks</string>
				<key>PRODUCT_NAME</key>
				<string>$(TARGET_NAME)</string>
				<key>TEST_HOST</key>
				<string>$(BUILT_PRODUCTS_DIR)/SIMObjc.app/SIMObjc</string>
			</dict>
			<key>isa</key>
			<string>XCBuildConfiguration</string>
			<key>name</key>
			<string>Release</string>
		</dict>
		<key>ED70F02E1CB3F95900CE8B55</key>
		<dict>
			<key>fileEncoding</key>
			<string>4</string>
			<key>isa</key>
			<string>PBXFileReference</string>
			<key>lastKnownFileType</key>
			<string>sourcecode.c.h</string>
			<key>path</key>
			<string>UtilsMacro.h</string>
			<key>sourceTree</key>
			<string>&lt;group&gt;</string>
		</dict>
		<key>ED70F02F1CB3F98300CE8B55</key>
		<dict>
			<key>isa</key>
			<string>PBXFileReference</string>
			<key>lastKnownFileType</key>
			<string>sourcecode.c.h</string>
			<key>path</key>
			<string>PrefixHeader.pch</string>
			<key>sourceTree</key>
			<string>&lt;group&gt;</string>
		</dict>
		<key>ED70F0301CB3F9F900CE8B55</key>
		<dict>
			<key>children</key>
			<array>
				<string>ED1947291CB5322800ECE72F</string>
				<string>ED19471D1CB506CB00ECE72F</string>
				<string>ED19471E1CB506CB00ECE72F</string>
				<string>ED1947201CB5104F00ECE72F</string>
				<string>ED1947211CB5104F00ECE72F</string>
				<string>ED1947231CB5110C00ECE72F</string>
				<string>ED7BE0921CB64A660025DB30</string>
				<string>ED7BE0931CB64A660025DB30</string>
				<string>ED1947241CB5110C00ECE72F</string>
			</array>
			<key>isa</key>
			<string>PBXGroup</string>
			<key>name</key>
			<string>model</string>
			<key>sourceTree</key>
			<string>&lt;group&gt;</string>
		</dict>
		<key>ED70F0311CB3FA1200CE8B55</key>
		<dict>
			<key>children</key>
			<array>
				<string>EDC903C41CC08BBE00776DCD</string>
				<string>EDC903C51CC08BBE00776DCD</string>
				<string>ED70F0331CB4F58200CE8B55</string>
				<string>ED70F0341CB4F58200CE8B55</string>
			</array>
			<key>isa</key>
			<string>PBXGroup</string>
			<key>name</key>
			<string>controller</string>
			<key>sourceTree</key>
			<string>&lt;group&gt;</string>
		</dict>
		<key>ED70F0321CB3FA1B00CE8B55</key>
		<dict>
			<key>children</key>
			<array>
				<string>ED9D66771CB7DFDE008C0A64</string>
				<string>ED9D66781CB7DFDE008C0A64</string>
				<string>EDC903BA1CBF9C0400776DCD</string>
				<string>EDC903BB1CBF9C0400776DCD</string>
			</array>
			<key>isa</key>
			<string>PBXGroup</string>
			<key>name</key>
			<string>view</string>
			<key>sourceTree</key>
			<string>&lt;group&gt;</string>
		</dict>
		<key>ED70F0331CB4F58200CE8B55</key>
		<dict>
			<key>fileEncoding</key>
			<string>4</string>
			<key>isa</key>
			<string>PBXFileReference</string>
			<key>lastKnownFileType</key>
			<string>sourcecode.c.h</string>
			<key>path</key>
			<string>SIMMasterViewController.h</string>
			<key>sourceTree</key>
			<string>&lt;group&gt;</string>
		</dict>
		<key>ED70F0341CB4F58200CE8B55</key>
		<dict>
			<key>fileEncoding</key>
			<string>4</string>
			<key>isa</key>
			<string>PBXFileReference</string>
			<key>lastKnownFileType</key>
			<string>sourcecode.c.objc</string>
			<key>path</key>
			<string>SIMMasterViewController.m</string>
			<key>sourceTree</key>
			<string>&lt;group&gt;</string>
		</dict>
		<key>ED70F0351CB4F58200CE8B55</key>
		<dict>
			<key>fileRef</key>
			<string>ED70F0341CB4F58200CE8B55</string>
			<key>isa</key>
			<string>PBXBuildFile</string>
		</dict>
		<key>ED7BE0921CB64A660025DB30</key>
		<dict>
			<key>fileEncoding</key>
			<string>4</string>
			<key>isa</key>
			<string>PBXFileReference</string>
			<key>lastKnownFileType</key>
			<string>sourcecode.c.h</string>
			<key>path</key>
			<string>SIMSubIssueModel.h</string>
			<key>sourceTree</key>
			<string>&lt;group&gt;</string>
		</dict>
		<key>ED7BE0931CB64A660025DB30</key>
		<dict>
			<key>fileEncoding</key>
			<string>4</string>
			<key>isa</key>
			<string>PBXFileReference</string>
			<key>lastKnownFileType</key>
			<string>sourcecode.c.objc</string>
			<key>path</key>
			<string>SIMSubIssueModel.m</string>
			<key>sourceTree</key>
			<string>&lt;group&gt;</string>
		</dict>
		<key>ED7BE0941CB64A660025DB30</key>
		<dict>
			<key>fileRef</key>
			<string>ED7BE0931CB64A660025DB30</string>
			<key>isa</key>
			<string>PBXBuildFile</string>
		</dict>
		<key>ED9D66771CB7DFDE008C0A64</key>
		<dict>
			<key>fileEncoding</key>
			<string>4</string>
			<key>isa</key>
			<string>PBXFileReference</string>
			<key>lastKnownFileType</key>
			<string>sourcecode.c.h</string>
			<key>path</key>
			<string>SIMMasterTableViewCell.h</string>
			<key>sourceTree</key>
			<string>&lt;group&gt;</string>
		</dict>
		<key>ED9D66781CB7DFDE008C0A64</key>
		<dict>
			<key>fileEncoding</key>
			<string>4</string>
			<key>isa</key>
			<string>PBXFileReference</string>
			<key>lastKnownFileType</key>
			<string>sourcecode.c.objc</string>
			<key>path</key>
			<string>SIMMasterTableViewCell.m</string>
			<key>sourceTree</key>
			<string>&lt;group&gt;</string>
		</dict>
		<key>ED9D66791CB7DFDE008C0A64</key>
		<dict>
			<key>fileRef</key>
			<string>ED9D66781CB7DFDE008C0A64</string>
			<key>isa</key>
			<string>PBXBuildFile</string>
		</dict>
		<key>EDC903BA1CBF9C0400776DCD</key>
		<dict>
			<key>fileEncoding</key>
			<string>4</string>
			<key>isa</key>
			<string>PBXFileReference</string>
			<key>lastKnownFileType</key>
			<string>sourcecode.c.h</string>
			<key>path</key>
			<string>SIMSubIssueTableViewCell.h</string>
			<key>sourceTree</key>
			<string>&lt;group&gt;</string>
		</dict>
		<key>EDC903BB1CBF9C0400776DCD</key>
		<dict>
			<key>fileEncoding</key>
			<string>4</string>
			<key>isa</key>
			<string>PBXFileReference</string>
			<key>lastKnownFileType</key>
			<string>sourcecode.c.objc</string>
			<key>path</key>
			<string>SIMSubIssueTableViewCell.m</string>
			<key>sourceTree</key>
			<string>&lt;group&gt;</string>
		</dict>
		<key>EDC903BC1CBF9C0400776DCD</key>
		<dict>
			<key>fileRef</key>
			<string>EDC903BB1CBF9C0400776DCD</string>
			<key>isa</key>
			<string>PBXBuildFile</string>
		</dict>
		<key>EDC903C41CC08BBE00776DCD</key>
		<dict>
			<key>fileEncoding</key>
			<string>4</string>
			<key>isa</key>
			<string>PBXFileReference</string>
			<key>lastKnownFileType</key>
			<string>sourcecode.c.h</string>
			<key>path</key>
			<string>SIMMoreViewController.h</string>
			<key>sourceTree</key>
			<string>&lt;group&gt;</string>
		</dict>
		<key>EDC903C51CC08BBE00776DCD</key>
		<dict>
			<key>fileEncoding</key>
			<string>4</string>
			<key>isa</key>
			<string>PBXFileReference</string>
			<key>lastKnownFileType</key>
			<string>sourcecode.c.objc</string>
			<key>path</key>
			<string>SIMMoreViewController.m</string>
			<key>sourceTree</key>
			<string>&lt;group&gt;</string>
		</dict>
		<key>EDC903C61CC08BBE00776DCD</key>
		<dict>
			<key>fileRef</key>
			<string>EDC903C51CC08BBE00776DCD</string>
			<key>isa</key>
			<string>PBXBuildFile</string>
		</dict>
	</dict>
	<key>rootObject</key>
	<string>ED70EFFD1CB3F86F00CE8B55</string>
</dict>
</plist>
